
Microsoft Visual Studio Solution File, Format Version 12.00
# Visual Studio Version 16
VisualStudioVersion = 16.0.30320.27
MinimumVisualStudioVersion = 10.0.40219.1
Project("{8BC9CEB8-8B4A-11D0-8D11-00A0C91BC942}") = "Exercise8.1", "Exercise8.1\Exercise8.1.vcxproj", "{0AE12E05-DA84-48DA-B3DE-C14B7C81AF6D}"
EndProject
Project("{8BC9CEB8-8B4A-11D0-8D11-00A0C91BC942}") = "Exercise8.2", "Exercise8.2\Exercise8.2.vcxproj", "{EC4AF657-C1BE-4CF2-9512-627F9A8F6D17}"
EndProject
Project("{8BC9CEB8-8B4A-11D0-8D11-00A0C91BC942}") = "Exercise8.3", "Exercise8.3\Exercise8.3.vcxproj", "{A5D533B9-2239-46FC-A952-A3054B31E8F9}"
EndProject
Project("{8BC9CEB8-8B4A-11D0-8D11-00A0C91BC942}") = "Exercise8.4", "Exericse8.4\Exericse8.4.vcxproj", "{386FAF38-7F87-4685-A24B-4E100CEF6DBB}"
EndProject
Project("{8BC9CEB8-8B4A-11D0-8D11-00A0C91BC942}") = "Exercise8.5", "Exercise8.5\Exercise8.5.vcxproj", "{70FD48A6-32F8-4B8F-A838-D0BF9005625B}"
EndProject
Project("{8BC9CEB8-8B4A-11D0-8D11-00A0C91BC942}") = "Exercise8.6", "Exercise8.6\Exercise8.6.vcxproj", "{310EED6A-4F2D-4CC2-AC09-F3898E89AA73}"
EndProject
Global
	GlobalSection(SolutionConfigurationPlatforms) = preSolution
		Debug|x64 = Debug|x64
		Debug|x86 = Debug|x86
		Release|x64 = Release|x64
		Release|x86 = Release|x86
	EndGlobalSection
	GlobalSection(ProjectConfigurationPlatforms) = postSolution
		{0AE12E05-DA84-48DA-B3DE-C14B7C81AF6D}.Debug|x64.ActiveCfg = Debug|x64
		{0AE12E05-DA84-48DA-B3DE-C14B7C81AF6D}.Debug|x64.Build.0 = Debug|x64
		{0AE12E05-DA84-48DA-B3DE-C14B7C81AF6D}.Debug|x86.ActiveCfg = Debug|Win32
		{0AE12E05-DA84-48DA-B3DE-C14B7C81AF6D}.Debug|x86.Build.0 = Debug|Win32
		{0AE12E05-DA84-48DA-B3DE-C14B7C81AF6D}.Release|x64.ActiveCfg = Release|x64
		{0AE12E05-DA84-48DA-B3DE-C14B7C81AF6D}.Release|x64.Build.0 = Release|x64
		{0AE12E05-DA84-48DA-B3DE-C14B7C81AF6D}.Release|x86.ActiveCfg = Release|Win32
		{0AE12E05-DA84-48DA-B3DE-C14B7C81AF6D}.Release|x86.Build.0 = Release|Win32
		{EC4AF657-C1BE-4CF2-9512-627F9A8F6D17}.Debug|x64.ActiveCfg = Debug|x64
		{EC4AF657-C1BE-4CF2-9512-627F9A8F6D17}.Debug|x64.Build.0 = Debug|x64
		{EC4AF657-C1BE-4CF2-9512-627F9A8F6D17}.Debug|x86.ActiveCfg = Debug|Win32
		{EC4AF657-C1BE-4CF2-9512-627F9A8F6D17}.Debug|x86.Build.0 = Debug|Win32
		{EC4AF657-C1BE-4CF2-9512-627F9A8F6D17}.Release|x64.ActiveCfg = Release|x64
		{EC4AF657-C1BE-4CF2-9512-627F9A8F6D17}.Release|x64.Build.0 = Release|x64
		{EC4AF657-C1BE-4CF2-9512-627F9A8F6D17}.Release|x86.ActiveCfg = Release|Win32
		{EC4AF657-C1BE-4CF2-9512-627F9A8F6D17}.Release|x86.Build.0 = Release|Win32
		{A5D533B9-2239-46FC-A952-A3054B31E8F9}.Debug|x64.ActiveCfg = Debug|x64
		{A5D533B9-2239-46FC-A952-A3054B31E8F9}.Debug|x64.Build.0 = Debug|x64
		{A5D533B9-2239-46FC-A952-A3054B31E8F9}.Debug|x86.ActiveCfg = Debug|Win32
		{A5D533B9-2239-46FC-A952-A3054B31E8F9}.Debug|x86.Build.0 = Debug|Win32
		{A5D533B9-2239-46FC-A952-A3054B31E8F9}.Release|x64.ActiveCfg = Release|x64
		{A5D533B9-2239-46FC-A952-A3054B31E8F9}.Release|x64.Build.0 = Release|x64
		{A5D533B9-2239-46FC-A952-A3054B31E8F9}.Release|x86.ActiveCfg = Release|Win32
		{A5D533B9-2239-46FC-A952-A3054B31E8F9}.Release|x86.Build.0 = Release|Win32
		{386FAF38-7F87-4685-A24B-4E100CEF6DBB}.Debug|x64.ActiveCfg = Debug|x64
		{386FAF38-7F87-4685-A24B-4E100CEF6DBB}.Debug|x64.Build.0 = Debug|x64
		{386FAF38-7F87-4685-A24B-4E100CEF6DBB}.Debug|x86.ActiveCfg = Debug|Win32
		{386FAF38-7F87-4685-A24B-4E100CEF6DBB}.Debug|x86.Build.0 = Debug|Win32
		{386FAF38-7F87-4685-A24B-4E100CEF6DBB}.Release|x64.ActiveCfg = Release|x64
		{386FAF38-7F87-4685-A24B-4E100CEF6DBB}.Release|x64.Build.0 = Release|x64
		{386FAF38-7F87-4685-A24B-4E100CEF6DBB}.Release|x86.ActiveCfg = Release|Win32
		{386FAF38-7F87-4685-A24B-4E100CEF6DBB}.Release|x86.Build.0 = Release|Win32
		{70FD48A6-32F8-4B8F-A838-D0BF9005625B}.Debug|x64.ActiveCfg = Debug|x64
		{70FD48A6-32F8-4B8F-A838-D0BF9005625B}.Debug|x64.Build.0 = Debug|x64
		{70FD48A6-32F8-4B8F-A838-D0BF9005625B}.Debug|x86.ActiveCfg = Debug|Win32
		{70FD48A6-32F8-4B8F-A838-D0BF9005625B}.Debug|x86.Build.0 = Debug|Win32
		{70FD48A6-32F8-4B8F-A838-D0BF9005625B}.Release|x64.ActiveCfg = Release|x64
		{70FD48A6-32F8-4B8F-A838-D0BF9005625B}.Release|x64.Build.0 = Release|x64
		{70FD48A6-32F8-4B8F-A838-D0BF9005625B}.Release|x86.ActiveCfg = Release|Win32
		{70FD48A6-32F8-4B8F-A838-D0BF9005625B}.Release|x86.Build.0 = Release|Win32
		{310EED6A-4F2D-4CC2-AC09-F3898E89AA73}.Debug|x64.ActiveCfg = Debug|x64
		{310EED6A-4F2D-4CC2-AC09-F3898E89AA73}.Debug|x64.Build.0 = Debug|x64
		{310EED6A-4F2D-4CC2-AC09-F3898E89AA73}.Debug|x86.ActiveCfg = Debug|Win32
		{310EED6A-4F2D-4CC2-AC09-F3898E89AA73}.Debug|x86.Build.0 = Debug|Win32
		{310EED6A-4F2D-4CC2-AC09-F3898E89AA73}.Release|x64.ActiveCfg = Release|x64
		{310EED6A-4F2D-4CC2-AC09-F3898E89AA73}.Release|x64.Build.0 = Release|x64
		{310EED6A-4F2D-4CC2-AC09-F3898E89AA73}.Release|x86.ActiveCfg = Release|Win32
		{310EED6A-4F2D-4CC2-AC09-F3898E89AA73}.Release|x86.Build.0 = Release|Win32
	EndGlobalSection
	GlobalSection(SolutionProperties) = preSolution
		HideSolutionNode = FALSE
	EndGlobalSection
	GlobalSection(ExtensibilityGlobals) = postSolution
		SolutionGuid = {8B3F8AC2-FD53-4008-917D-5AD712387D96}
	EndGlobalSection
EndGlobal
